
Microsoft Visual Studio Solution File, Format Version 12.00
# Visual Studio Version 17
VisualStudioVersion = 17.8.34316.72
MinimumVisualStudioVersion = 10.0.40219.1
Project("{FAE04EC0-301F-11D3-BF4B-00C04F79EFBC}") = "ConsoleApp1", "ConsoleApp1.csproj", "{46F1A862-7424-4DF5-946F-2027E4F163CB}"
EndProject
Global
	GlobalSection(SolutionConfigurationPlatforms) = preSolution
		Debug|Any CPU = Debug|Any CPU
		Release|Any CPU = Release|Any CPU
	EndGlobalSection
	GlobalSection(ProjectConfigurationPlatforms) = postSolution
		{46F1A862-7424-4DF5-946F-2027E4F163CB}.Debug|Any CPU.ActiveCfg = Debug|Any CPU
		{46F1A862-7424-4DF5-946F-2027E4F163CB}.Debug|Any CPU.Build.0 = Debug|Any CPU
		{46F1A862-7424-4DF5-946F-2027E4F163CB}.Release|Any CPU.ActiveCfg = Release|Any CPU
		{46F1A862-7424-4DF5-946F-2027E4F163CB}.Release|Any CPU.Build.0 = Release|Any CPU
	EndGlobalSection
	GlobalSection(SolutionProperties) = preSolution
		HideSolutionNode = FALSE
	EndGlobalSection
	GlobalSection(ExtensibilityGlobals) = postSolution
		SolutionGuid = {62882F71-E5EB-4952-B404-F8D8707E317D}
	EndGlobalSection
EndGlobal
